
Microsoft Visual Studio Solution File, Format Version 12.00
# Visual Studio Version 17
VisualStudioVersion = 17.12.35521.163
MinimumVisualStudioVersion = 10.0.40219.1
Project("{FAE04EC0-301F-11D3-BF4B-00C04F79EFBC}") = "RestCountries", "src\MaksimShimshon.RestCountries\RestCountries.csproj", "{1AE42C88-CBC0-4794-98DD-8F0F95ABEDB8}"
EndProject
Project("{2150E333-8FDC-42A3-9474-1A3956D46DE8}") = "src", "src", "{9A48A26D-9C34-48F8-B671-E228FF521451}"
EndProject
Project("{2150E333-8FDC-42A3-9474-1A3956D46DE8}") = "tests", "tests", "{1D43E3F9-E419-4EC9-BA60-09CE1586E99A}"
EndProject
Project("{FAE04EC0-301F-11D3-BF4B-00C04F79EFBC}") = "RestCountries.Tests", "tests\RestCountries.Tests\RestCountries.Tests.csproj", "{FDDD54FA-0D67-4E12-BF19-70FB0F6424CD}"
EndProject
Project("{FAE04EC0-301F-11D3-BF4B-00C04F79EFBC}") = "RestCountries.Embedded", "src\MaksimShimshon.RestCountries.Embedded\RestCountries.Embedded.csproj", "{6B1015F5-E24D-40BE-B336-E173936A60CE}"
EndProject
Project("{FAE04EC0-301F-11D3-BF4B-00C04F79EFBC}") = "RestCountries.Data", "src\MaksimShimshon.RestCountries.Data\RestCountries.Data.csproj", "{5139FECB-DDF1-49CC-9745-3B110D394FBF}"
EndProject
Global
	GlobalSection(SolutionConfigurationPlatforms) = preSolution
		Debug|Any CPU = Debug|Any CPU
		Release|Any CPU = Release|Any CPU
	EndGlobalSection
	GlobalSection(ProjectConfigurationPlatforms) = postSolution
		{1AE42C88-CBC0-4794-98DD-8F0F95ABEDB8}.Debug|Any CPU.ActiveCfg = Debug|Any CPU
		{1AE42C88-CBC0-4794-98DD-8F0F95ABEDB8}.Debug|Any CPU.Build.0 = Debug|Any CPU
		{1AE42C88-CBC0-4794-98DD-8F0F95ABEDB8}.Release|Any CPU.ActiveCfg = Release|Any CPU
		{1AE42C88-CBC0-4794-98DD-8F0F95ABEDB8}.Release|Any CPU.Build.0 = Release|Any CPU
		{FDDD54FA-0D67-4E12-BF19-70FB0F6424CD}.Debug|Any CPU.ActiveCfg = Debug|Any CPU
		{FDDD54FA-0D67-4E12-BF19-70FB0F6424CD}.Debug|Any CPU.Build.0 = Debug|Any CPU
		{FDDD54FA-0D67-4E12-BF19-70FB0F6424CD}.Release|Any CPU.ActiveCfg = Release|Any CPU
		{FDDD54FA-0D67-4E12-BF19-70FB0F6424CD}.Release|Any CPU.Build.0 = Release|Any CPU
		{6B1015F5-E24D-40BE-B336-E173936A60CE}.Debug|Any CPU.ActiveCfg = Debug|Any CPU
		{6B1015F5-E24D-40BE-B336-E173936A60CE}.Debug|Any CPU.Build.0 = Debug|Any CPU
		{6B1015F5-E24D-40BE-B336-E173936A60CE}.Release|Any CPU.ActiveCfg = Release|Any CPU
		{6B1015F5-E24D-40BE-B336-E173936A60CE}.Release|Any CPU.Build.0 = Release|Any CPU
		{5139FECB-DDF1-49CC-9745-3B110D394FBF}.Debug|Any CPU.ActiveCfg = Debug|Any CPU
		{5139FECB-DDF1-49CC-9745-3B110D394FBF}.Debug|Any CPU.Build.0 = Debug|Any CPU
		{5139FECB-DDF1-49CC-9745-3B110D394FBF}.Release|Any CPU.ActiveCfg = Release|Any CPU
		{5139FECB-DDF1-49CC-9745-3B110D394FBF}.Release|Any CPU.Build.0 = Release|Any CPU
	EndGlobalSection
	GlobalSection(SolutionProperties) = preSolution
		HideSolutionNode = FALSE
	EndGlobalSection
	GlobalSection(NestedProjects) = preSolution
		{1AE42C88-CBC0-4794-98DD-8F0F95ABEDB8} = {9A48A26D-9C34-48F8-B671-E228FF521451}
		{FDDD54FA-0D67-4E12-BF19-70FB0F6424CD} = {1D43E3F9-E419-4EC9-BA60-09CE1586E99A}
		{6B1015F5-E24D-40BE-B336-E173936A60CE} = {9A48A26D-9C34-48F8-B671-E228FF521451}
		{5139FECB-DDF1-49CC-9745-3B110D394FBF} = {9A48A26D-9C34-48F8-B671-E228FF521451}
	EndGlobalSection
EndGlobal
